// !$*UTF8*$!
{
	archiveVersion = 1;
	classes = {
	};
	objectVersion = 56;
	objects = {

/* Begin PBXBuildFile section */
		0CB9D89429EFA36C003BE3C0 /* Extantion.swift in Sources */ = {isa = PBXBuildFile; fileRef = 0CB9D89329EFA36C003BE3C0 /* Extantion.swift */; };
		0CB9D89629F0E3D7003BE3C0 /* GoogleService-Info.plist in Resources */ = {isa = PBXBuildFile; fileRef = 0CB9D89529F0E3D7003BE3C0 /* GoogleService-Info.plist */; };
		0CB9D89929F0E482003BE3C0 /* FirebaseAnalytics in Frameworks */ = {isa = PBXBuildFile; productRef = 0CB9D89829F0E482003BE3C0 /* FirebaseAnalytics */; };
		0CB9D89B29F0E482003BE3C0 /* FirebaseAnalyticsOnDeviceConversion in Frameworks */ = {isa = PBXBuildFile; productRef = 0CB9D89A29F0E482003BE3C0 /* FirebaseAnalyticsOnDeviceConversion */; };
		0CB9D89D29F0E482003BE3C0 /* FirebaseAnalyticsSwift in Frameworks */ = {isa = PBXBuildFile; productRef = 0CB9D89C29F0E482003BE3C0 /* FirebaseAnalyticsSwift */; };
		0CB9D89F29F0E482003BE3C0 /* FirebaseAnalyticsWithoutAdIdSupport in Frameworks */ = {isa = PBXBuildFile; productRef = 0CB9D89E29F0E482003BE3C0 /* FirebaseAnalyticsWithoutAdIdSupport */; };
		0CB9D8A129F0E482003BE3C0 /* FirebaseAppCheck in Frameworks */ = {isa = PBXBuildFile; productRef = 0CB9D8A029F0E482003BE3C0 /* FirebaseAppCheck */; };
		0CB9D8A329F0E482003BE3C0 /* FirebaseAppDistribution-Beta in Frameworks */ = {isa = PBXBuildFile; productRef = 0CB9D8A229F0E482003BE3C0 /* FirebaseAppDistribution-Beta */; };
		0CB9D8A529F0E482003BE3C0 /* FirebaseAuth in Frameworks */ = {isa = PBXBuildFile; productRef = 0CB9D8A429F0E482003BE3C0 /* FirebaseAuth */; };
		0CB9D8A729F0E482003BE3C0 /* FirebaseAuthCombine-Community in Frameworks */ = {isa = PBXBuildFile; productRef = 0CB9D8A629F0E482003BE3C0 /* FirebaseAuthCombine-Community */; };
		0CB9D8A929F0E482003BE3C0 /* FirebaseCrashlytics in Frameworks */ = {isa = PBXBuildFile; productRef = 0CB9D8A829F0E482003BE3C0 /* FirebaseCrashlytics */; };
		0CB9D8AB29F0E482003BE3C0 /* FirebaseDatabase in Frameworks */ = {isa = PBXBuildFile; productRef = 0CB9D8AA29F0E482003BE3C0 /* FirebaseDatabase */; };
		0CB9D8AD29F0E482003BE3C0 /* FirebaseDatabaseSwift in Frameworks */ = {isa = PBXBuildFile; productRef = 0CB9D8AC29F0E482003BE3C0 /* FirebaseDatabaseSwift */; };
		0CB9D8AF29F0E482003BE3C0 /* FirebaseDynamicLinks in Frameworks */ = {isa = PBXBuildFile; productRef = 0CB9D8AE29F0E482003BE3C0 /* FirebaseDynamicLinks */; };
		0CB9D8B129F0E482003BE3C0 /* FirebaseFirestore in Frameworks */ = {isa = PBXBuildFile; productRef = 0CB9D8B029F0E482003BE3C0 /* FirebaseFirestore */; };
		0CB9D8B329F0E482003BE3C0 /* FirebaseFirestoreCombine-Community in Frameworks */ = {isa = PBXBuildFile; productRef = 0CB9D8B229F0E482003BE3C0 /* FirebaseFirestoreCombine-Community */; };
		0CB9D8B529F0E482003BE3C0 /* FirebaseFirestoreSwift in Frameworks */ = {isa = PBXBuildFile; productRef = 0CB9D8B429F0E482003BE3C0 /* FirebaseFirestoreSwift */; };
		0CB9D8B729F0E482003BE3C0 /* FirebaseFunctions in Frameworks */ = {isa = PBXBuildFile; productRef = 0CB9D8B629F0E482003BE3C0 /* FirebaseFunctions */; };
		0CB9D8B929F0E482003BE3C0 /* FirebaseFunctionsCombine-Community in Frameworks */ = {isa = PBXBuildFile; productRef = 0CB9D8B829F0E482003BE3C0 /* FirebaseFunctionsCombine-Community */; };
		0CB9D8BB29F0E482003BE3C0 /* FirebaseInAppMessaging-Beta in Frameworks */ = {isa = PBXBuildFile; productRef = 0CB9D8BA29F0E482003BE3C0 /* FirebaseInAppMessaging-Beta */; };
		0CB9D8BD29F0E482003BE3C0 /* FirebaseInAppMessagingSwift-Beta in Frameworks */ = {isa = PBXBuildFile; productRef = 0CB9D8BC29F0E482003BE3C0 /* FirebaseInAppMessagingSwift-Beta */; };
		0CB9D8BF29F0E482003BE3C0 /* FirebaseInstallations in Frameworks */ = {isa = PBXBuildFile; productRef = 0CB9D8BE29F0E482003BE3C0 /* FirebaseInstallations */; };
		0CB9D8C129F0E482003BE3C0 /* FirebaseMLModelDownloader in Frameworks */ = {isa = PBXBuildFile; productRef = 0CB9D8C029F0E482003BE3C0 /* FirebaseMLModelDownloader */; };
		0CB9D8C329F0E482003BE3C0 /* FirebaseMessaging in Frameworks */ = {isa = PBXBuildFile; productRef = 0CB9D8C229F0E482003BE3C0 /* FirebaseMessaging */; };
		0CB9D8C529F0E482003BE3C0 /* FirebasePerformance in Frameworks */ = {isa = PBXBuildFile; productRef = 0CB9D8C429F0E482003BE3C0 /* FirebasePerformance */; };
		0CB9D8C729F0E482003BE3C0 /* FirebaseRemoteConfig in Frameworks */ = {isa = PBXBuildFile; productRef = 0CB9D8C629F0E482003BE3C0 /* FirebaseRemoteConfig */; };
		0CB9D8C929F0E482003BE3C0 /* FirebaseRemoteConfigSwift in Frameworks */ = {isa = PBXBuildFile; productRef = 0CB9D8C829F0E482003BE3C0 /* FirebaseRemoteConfigSwift */; };
		0CB9D8CB29F0E482003BE3C0 /* FirebaseStorage in Frameworks */ = {isa = PBXBuildFile; productRef = 0CB9D8CA29F0E482003BE3C0 /* FirebaseStorage */; };
		0CB9D8CD29F0E482003BE3C0 /* FirebaseStorageCombine-Community in Frameworks */ = {isa = PBXBuildFile; productRef = 0CB9D8CC29F0E482003BE3C0 /* FirebaseStorageCombine-Community */; };
		0CC4854C29EF8FB6001AE142 /* AppDelegate.swift in Sources */ = {isa = PBXBuildFile; fileRef = 0CC4854B29EF8FB6001AE142 /* AppDelegate.swift */; };
		0CC4854E29EF8FB6001AE142 /* SceneDelegate.swift in Sources */ = {isa = PBXBuildFile; fileRef = 0CC4854D29EF8FB6001AE142 /* SceneDelegate.swift */; };
		0CC4855029EF8FB6001AE142 /* ViewController.swift in Sources */ = {isa = PBXBuildFile; fileRef = 0CC4854F29EF8FB6001AE142 /* ViewController.swift */; };
		0CC4855329EF8FB6001AE142 /* Main.storyboard in Resources */ = {isa = PBXBuildFile; fileRef = 0CC4855129EF8FB6001AE142 /* Main.storyboard */; };
		0CC4855529EF8FB8001AE142 /* Assets.xcassets in Resources */ = {isa = PBXBuildFile; fileRef = 0CC4855429EF8FB8001AE142 /* Assets.xcassets */; };
		0CC4855829EF8FB8001AE142 /* LaunchScreen.storyboard in Resources */ = {isa = PBXBuildFile; fileRef = 0CC4855629EF8FB8001AE142 /* LaunchScreen.storyboard */; };
		0CC4856329EF8FB8001AE142 /* AppLocalizationTests.swift in Sources */ = {isa = PBXBuildFile; fileRef = 0CC4856229EF8FB8001AE142 /* AppLocalizationTests.swift */; };
		0CC4856D29EF8FB8001AE142 /* AppLocalizationUITests.swift in Sources */ = {isa = PBXBuildFile; fileRef = 0CC4856C29EF8FB8001AE142 /* AppLocalizationUITests.swift */; };
		0CC4856F29EF8FB8001AE142 /* AppLocalizationUITestsLaunchTests.swift in Sources */ = {isa = PBXBuildFile; fileRef = 0CC4856E29EF8FB8001AE142 /* AppLocalizationUITestsLaunchTests.swift */; };
		0CC4858C29EF923D001AE142 /* Localizable.strings in Resources */ = {isa = PBXBuildFile; fileRef = 0CC4858E29EF923D001AE142 /* Localizable.strings */; };
/* End PBXBuildFile section */

/* Begin PBXContainerItemProxy section */
		0CC4855F29EF8FB8001AE142 /* PBXContainerItemProxy */ = {
			isa = PBXContainerItemProxy;
			containerPortal = 0CC4854029EF8FB6001AE142 /* Project object */;
			proxyType = 1;
			remoteGlobalIDString = 0CC4854729EF8FB6001AE142;
			remoteInfo = AppLocalization;
		};
		0CC4856929EF8FB8001AE142 /* PBXContainerItemProxy */ = {
			isa = PBXContainerItemProxy;
			containerPortal = 0CC4854029EF8FB6001AE142 /* Project object */;
			proxyType = 1;
			remoteGlobalIDString = 0CC4854729EF8FB6001AE142;
			remoteInfo = AppLocalization;
		};
/* End PBXContainerItemProxy section */

/* Begin PBXFileReference section */
		0CB9D89329EFA36C003BE3C0 /* Extantion.swift */ = {isa = PBXFileReference; lastKnownFileType = sourcecode.swift; path = Extantion.swift; sourceTree = "<group>"; };
		0CB9D89529F0E3D7003BE3C0 /* GoogleService-Info.plist */ = {isa = PBXFileReference; fileEncoding = 4; lastKnownFileType = text.plist.xml; path = "GoogleService-Info.plist"; sourceTree = "<group>"; };
		0CC4854829EF8FB6001AE142 /* AppLocalization.app */ = {isa = PBXFileReference; explicitFileType = wrapper.application; includeInIndex = 0; path = AppLocalization.app; sourceTree = BUILT_PRODUCTS_DIR; };
		0CC4854B29EF8FB6001AE142 /* AppDelegate.swift */ = {isa = PBXFileReference; lastKnownFileType = sourcecode.swift; path = AppDelegate.swift; sourceTree = "<group>"; };
		0CC4854D29EF8FB6001AE142 /* SceneDelegate.swift */ = {isa = PBXFileReference; lastKnownFileType = sourcecode.swift; path = SceneDelegate.swift; sourceTree = "<group>"; };
		0CC4854F29EF8FB6001AE142 /* ViewController.swift */ = {isa = PBXFileReference; lastKnownFileType = sourcecode.swift; path = ViewController.swift; sourceTree = "<group>"; };
		0CC4855229EF8FB6001AE142 /* Base */ = {isa = PBXFileReference; lastKnownFileType = file.storyboard; name = Base; path = Base.lproj/Main.storyboard; sourceTree = "<group>"; };
		0CC4855429EF8FB8001AE142 /* Assets.xcassets */ = {isa = PBXFileReference; lastKnownFileType = folder.assetcatalog; path = Assets.xcassets; sourceTree = "<group>"; };
		0CC4855729EF8FB8001AE142 /* Base */ = {isa = PBXFileReference; lastKnownFileType = file.storyboard; name = Base; path = Base.lproj/LaunchScreen.storyboard; sourceTree = "<group>"; };
		0CC4855929EF8FB8001AE142 /* Info.plist */ = {isa = PBXFileReference; lastKnownFileType = text.plist.xml; path = Info.plist; sourceTree = "<group>"; };
		0CC4855E29EF8FB8001AE142 /* AppLocalizationTests.xctest */ = {isa = PBXFileReference; explicitFileType = wrapper.cfbundle; includeInIndex = 0; path = AppLocalizationTests.xctest; sourceTree = BUILT_PRODUCTS_DIR; };
		0CC4856229EF8FB8001AE142 /* AppLocalizationTests.swift */ = {isa = PBXFileReference; lastKnownFileType = sourcecode.swift; path = AppLocalizationTests.swift; sourceTree = "<group>"; };
		0CC4856829EF8FB8001AE142 /* AppLocalizationUITests.xctest */ = {isa = PBXFileReference; explicitFileType = wrapper.cfbundle; includeInIndex = 0; path = AppLocalizationUITests.xctest; sourceTree = BUILT_PRODUCTS_DIR; };
		0CC4856C29EF8FB8001AE142 /* AppLocalizationUITests.swift */ = {isa = PBXFileReference; lastKnownFileType = sourcecode.swift; path = AppLocalizationUITests.swift; sourceTree = "<group>"; };
		0CC4856E29EF8FB8001AE142 /* AppLocalizationUITestsLaunchTests.swift */ = {isa = PBXFileReference; lastKnownFileType = sourcecode.swift; path = AppLocalizationUITestsLaunchTests.swift; sourceTree = "<group>"; };
		0CC4858029EF918A001AE142 /* hi */ = {isa = PBXFileReference; lastKnownFileType = text.plist.strings; name = hi; path = hi.lproj/Main.strings; sourceTree = "<group>"; };
		0CC4858129EF918A001AE142 /* hi */ = {isa = PBXFileReference; lastKnownFileType = text.plist.strings; name = hi; path = hi.lproj/LaunchScreen.strings; sourceTree = "<group>"; };
		0CC4858429EF91BF001AE142 /* ru */ = {isa = PBXFileReference; lastKnownFileType = text.plist.strings; name = ru; path = ru.lproj/Main.strings; sourceTree = "<group>"; };
		0CC4858529EF91BF001AE142 /* ru */ = {isa = PBXFileReference; lastKnownFileType = text.plist.strings; name = ru; path = ru.lproj/LaunchScreen.strings; sourceTree = "<group>"; };
		0CC4858629EF91CF001AE142 /* it */ = {isa = PBXFileReference; lastKnownFileType = text.plist.strings; name = it; path = it.lproj/Main.strings; sourceTree = "<group>"; };
		0CC4858729EF91CF001AE142 /* it */ = {isa = PBXFileReference; lastKnownFileType = text.plist.strings; name = it; path = it.lproj/LaunchScreen.strings; sourceTree = "<group>"; };
		0CC4858829EF91DD001AE142 /* fi */ = {isa = PBXFileReference; lastKnownFileType = text.plist.strings; name = fi; path = fi.lproj/Main.strings; sourceTree = "<group>"; };
		0CC4858929EF91DD001AE142 /* fi */ = {isa = PBXFileReference; lastKnownFileType = text.plist.strings; name = fi; path = fi.lproj/LaunchScreen.strings; sourceTree = "<group>"; };
		0CC4858D29EF923D001AE142 /* fi */ = {isa = PBXFileReference; lastKnownFileType = text.plist.strings; name = fi; path = fi.lproj/Localizable.strings; sourceTree = "<group>"; };
		0CC4858F29EF9246001AE142 /* en */ = {isa = PBXFileReference; lastKnownFileType = text.plist.strings; name = en; path = en.lproj/Localizable.strings; sourceTree = "<group>"; };
		0CC4859029EF9247001AE142 /* hi */ = {isa = PBXFileReference; lastKnownFileType = text.plist.strings; name = hi; path = hi.lproj/Localizable.strings; sourceTree = "<group>"; };
		0CC4859129EF9248001AE142 /* it */ = {isa = PBXFileReference; lastKnownFileType = text.plist.strings; name = it; path = it.lproj/Localizable.strings; sourceTree = "<group>"; };
		0CC4859229EF9249001AE142 /* ru */ = {isa = PBXFileReference; lastKnownFileType = text.plist.strings; name = ru; path = ru.lproj/Localizable.strings; sourceTree = "<group>"; };
/* End PBXFileReference section */

/* Begin PBXFrameworksBuildPhase section */
		0CC4854529EF8FB6001AE142 /* Frameworks */ = {
			isa = PBXFrameworksBuildPhase;
			buildActionMask = 2147483647;
			files = (
				0CB9D8AB29F0E482003BE3C0 /* FirebaseDatabase in Frameworks */,
				0CB9D8B929F0E482003BE3C0 /* FirebaseFunctionsCombine-Community in Frameworks */,
				0CB9D8B129F0E482003BE3C0 /* FirebaseFirestore in Frameworks */,
				0CB9D89D29F0E482003BE3C0 /* FirebaseAnalyticsSwift in Frameworks */,
				0CB9D89929F0E482003BE3C0 /* FirebaseAnalytics in Frameworks */,
				0CB9D89B29F0E482003BE3C0 /* FirebaseAnalyticsOnDeviceConversion in Frameworks */,
				0CB9D8C129F0E482003BE3C0 /* FirebaseMLModelDownloader in Frameworks */,
				0CB9D8B529F0E482003BE3C0 /* FirebaseFirestoreSwift in Frameworks */,
				0CB9D8A129F0E482003BE3C0 /* FirebaseAppCheck in Frameworks */,
				0CB9D89F29F0E482003BE3C0 /* FirebaseAnalyticsWithoutAdIdSupport in Frameworks */,
				0CB9D8A529F0E482003BE3C0 /* FirebaseAuth in Frameworks */,
				0CB9D8A929F0E482003BE3C0 /* FirebaseCrashlytics in Frameworks */,
				0CB9D8C929F0E482003BE3C0 /* FirebaseRemoteConfigSwift in Frameworks */,
				0CB9D8BB29F0E482003BE3C0 /* FirebaseInAppMessaging-Beta in Frameworks */,
				0CB9D8AD29F0E482003BE3C0 /* FirebaseDatabaseSwift in Frameworks */,
				0CB9D8B729F0E482003BE3C0 /* FirebaseFunctions in Frameworks */,
				0CB9D8CD29F0E482003BE3C0 /* FirebaseStorageCombine-Community in Frameworks */,
				0CB9D8C729F0E482003BE3C0 /* FirebaseRemoteConfig in Frameworks */,
				0CB9D8A329F0E482003BE3C0 /* FirebaseAppDistribution-Beta in Frameworks */,
				0CB9D8A729F0E482003BE3C0 /* FirebaseAuthCombine-Community in Frameworks */,
				0CB9D8C529F0E482003BE3C0 /* FirebasePerformance in Frameworks */,
				0CB9D8BD29F0E482003BE3C0 /* FirebaseInAppMessagingSwift-Beta in Frameworks */,
				0CB9D8CB29F0E482003BE3C0 /* FirebaseStorage in Frameworks */,
				0CB9D8AF29F0E482003BE3C0 /* FirebaseDynamicLinks in Frameworks */,
				0CB9D8B329F0E482003BE3C0 /* FirebaseFirestoreCombine-Community in Frameworks */,
				0CB9D8C329F0E482003BE3C0 /* FirebaseMessaging in Frameworks */,
				0CB9D8BF29F0E482003BE3C0 /* FirebaseInstallations in Frameworks */,
			);
			runOnlyForDeploymentPostprocessing = 0;
		};
		0CC4855B29EF8FB8001AE142 /* Frameworks */ = {
			isa = PBXFrameworksBuildPhase;
			buildActionMask = 2147483647;
			files = (
			);
			runOnlyForDeploymentPostprocessing = 0;
		};
		0CC4856529EF8FB8001AE142 /* Frameworks */ = {
			isa = PBXFrameworksBuildPhase;
			buildActionMask = 2147483647;
			files = (
			);
			runOnlyForDeploymentPostprocessing = 0;
		};
/* End PBXFrameworksBuildPhase section */

/* Begin PBXGroup section */
		0CC4853F29EF8FB6001AE142 = {
			isa = PBXGroup;
			children = (
				0CC4854A29EF8FB6001AE142 /* AppLocalization */,
				0CC4856129EF8FB8001AE142 /* AppLocalizationTests */,
				0CC4856B29EF8FB8001AE142 /* AppLocalizationUITests */,
				0CC4854929EF8FB6001AE142 /* Products */,
			);
			sourceTree = "<group>";
		};
		0CC4854929EF8FB6001AE142 /* Products */ = {
			isa = PBXGroup;
			children = (
				0CC4854829EF8FB6001AE142 /* AppLocalization.app */,
				0CC4855E29EF8FB8001AE142 /* AppLocalizationTests.xctest */,
				0CC4856829EF8FB8001AE142 /* AppLocalizationUITests.xctest */,
			);
			name = Products;
			sourceTree = "<group>";
		};
		0CC4854A29EF8FB6001AE142 /* AppLocalization */ = {
			isa = PBXGroup;
			children = (
				0CC4854B29EF8FB6001AE142 /* AppDelegate.swift */,
				0CC4854D29EF8FB6001AE142 /* SceneDelegate.swift */,
				0CC4854F29EF8FB6001AE142 /* ViewController.swift */,
				0CB9D89329EFA36C003BE3C0 /* Extantion.swift */,
				0CB9D89529F0E3D7003BE3C0 /* GoogleService-Info.plist */,
				0CC4855129EF8FB6001AE142 /* Main.storyboard */,
				0CC4855429EF8FB8001AE142 /* Assets.xcassets */,
				0CC4858E29EF923D001AE142 /* Localizable.strings */,
				0CC4855629EF8FB8001AE142 /* LaunchScreen.storyboard */,
				0CC4855929EF8FB8001AE142 /* Info.plist */,
			);
			path = AppLocalization;
			sourceTree = "<group>";
		};
		0CC4856129EF8FB8001AE142 /* AppLocalizationTests */ = {
			isa = PBXGroup;
			children = (
				0CC4856229EF8FB8001AE142 /* AppLocalizationTests.swift */,
			);
			path = AppLocalizationTests;
			sourceTree = "<group>";
		};
		0CC4856B29EF8FB8001AE142 /* AppLocalizationUITests */ = {
			isa = PBXGroup;
			children = (
				0CC4856C29EF8FB8001AE142 /* AppLocalizationUITests.swift */,
				0CC4856E29EF8FB8001AE142 /* AppLocalizationUITestsLaunchTests.swift */,
			);
			path = AppLocalizationUITests;
			sourceTree = "<group>";
		};
/* End PBXGroup section */

/* Begin PBXNativeTarget section */
		0CC4854729EF8FB6001AE142 /* AppLocalization */ = {
			isa = PBXNativeTarget;
			buildConfigurationList = 0CC4857229EF8FB8001AE142 /* Build configuration list for PBXNativeTarget "AppLocalization" */;
			buildPhases = (
				0CC4854429EF8FB6001AE142 /* Sources */,
				0CC4854529EF8FB6001AE142 /* Frameworks */,
				0CC4854629EF8FB6001AE142 /* Resources */,
			);
			buildRules = (
			);
			dependencies = (
			);
			name = AppLocalization;
			packageProductDependencies = (
				0CB9D89829F0E482003BE3C0 /* FirebaseAnalytics */,
				0CB9D89A29F0E482003BE3C0 /* FirebaseAnalyticsOnDeviceConversion */,
				0CB9D89C29F0E482003BE3C0 /* FirebaseAnalyticsSwift */,
				0CB9D89E29F0E482003BE3C0 /* FirebaseAnalyticsWithoutAdIdSupport */,
				0CB9D8A029F0E482003BE3C0 /* FirebaseAppCheck */,
				0CB9D8A229F0E482003BE3C0 /* FirebaseAppDistribution-Beta */,
				0CB9D8A429F0E482003BE3C0 /* FirebaseAuth */,
				0CB9D8A629F0E482003BE3C0 /* FirebaseAuthCombine-Community */,
				0CB9D8A829F0E482003BE3C0 /* FirebaseCrashlytics */,
				0CB9D8AA29F0E482003BE3C0 /* FirebaseDatabase */,
				0CB9D8AC29F0E482003BE3C0 /* FirebaseDatabaseSwift */,
				0CB9D8AE29F0E482003BE3C0 /* FirebaseDynamicLinks */,
				0CB9D8B029F0E482003BE3C0 /* FirebaseFirestore */,
				0CB9D8B229F0E482003BE3C0 /* FirebaseFirestoreCombine-Community */,
				0CB9D8B429F0E482003BE3C0 /* FirebaseFirestoreSwift */,
				0CB9D8B629F0E482003BE3C0 /* FirebaseFunctions */,
				0CB9D8B829F0E482003BE3C0 /* FirebaseFunctionsCombine-Community */,
				0CB9D8BA29F0E482003BE3C0 /* FirebaseInAppMessaging-Beta */,
				0CB9D8BC29F0E482003BE3C0 /* FirebaseInAppMessagingSwift-Beta */,
				0CB9D8BE29F0E482003BE3C0 /* FirebaseInstallations */,
				0CB9D8C029F0E482003BE3C0 /* FirebaseMLModelDownloader */,
				0CB9D8C229F0E482003BE3C0 /* FirebaseMessaging */,
				0CB9D8C429F0E482003BE3C0 /* FirebasePerformance */,
				0CB9D8C629F0E482003BE3C0 /* FirebaseRemoteConfig */,
				0CB9D8C829F0E482003BE3C0 /* FirebaseRemoteConfigSwift */,
				0CB9D8CA29F0E482003BE3C0 /* FirebaseStorage */,
				0CB9D8CC29F0E482003BE3C0 /* FirebaseStorageCombine-Community */,
			);
			productName = AppLocalization;
			productReference = 0CC4854829EF8FB6001AE142 /* AppLocalization.app */;
			productType = "com.apple.product-type.application";
		};
		0CC4855D29EF8FB8001AE142 /* AppLocalizationTests */ = {
			isa = PBXNativeTarget;
			buildConfigurationList = 0CC4857529EF8FB8001AE142 /* Build configuration list for PBXNativeTarget "AppLocalizationTests" */;
			buildPhases = (
				0CC4855A29EF8FB8001AE142 /* Sources */,
				0CC4855B29EF8FB8001AE142 /* Frameworks */,
				0CC4855C29EF8FB8001AE142 /* Resources */,
			);
			buildRules = (
			);
			dependencies = (
				0CC4856029EF8FB8001AE142 /* PBXTargetDependency */,
			);
			name = AppLocalizationTests;
			productName = AppLocalizationTests;
			productReference = 0CC4855E29EF8FB8001AE142 /* AppLocalizationTests.xctest */;
			productType = "com.apple.product-type.bundle.unit-test";
		};
		0CC4856729EF8FB8001AE142 /* AppLocalizationUITests */ = {
			isa = PBXNativeTarget;
			buildConfigurationList = 0CC4857829EF8FB8001AE142 /* Build configuration list for PBXNativeTarget "AppLocalizationUITests" */;
			buildPhases = (
				0CC4856429EF8FB8001AE142 /* Sources */,
				0CC4856529EF8FB8001AE142 /* Frameworks */,
				0CC4856629EF8FB8001AE142 /* Resources */,
			);
			buildRules = (
			);
			dependencies = (
				0CC4856A29EF8FB8001AE142 /* PBXTargetDependency */,
			);
			name = AppLocalizationUITests;
			productName = AppLocalizationUITests;
			productReference = 0CC4856829EF8FB8001AE142 /* AppLocalizationUITests.xctest */;
			productType = "com.apple.product-type.bundle.ui-testing";
		};
/* End PBXNativeTarget section */

/* Begin PBXProject section */
		0CC4854029EF8FB6001AE142 /* Project object */ = {
			isa = PBXProject;
			attributes = {
				BuildIndependentTargetsInParallel = 1;
				LastSwiftUpdateCheck = 1430;
				LastUpgradeCheck = 1430;
				TargetAttributes = {
					0CC4854729EF8FB6001AE142 = {
						CreatedOnToolsVersion = 14.3;
					};
					0CC4855D29EF8FB8001AE142 = {
						CreatedOnToolsVersion = 14.3;
						TestTargetID = 0CC4854729EF8FB6001AE142;
					};
					0CC4856729EF8FB8001AE142 = {
						CreatedOnToolsVersion = 14.3;
						TestTargetID = 0CC4854729EF8FB6001AE142;
					};
				};
			};
			buildConfigurationList = 0CC4854329EF8FB6001AE142 /* Build configuration list for PBXProject "AppLocalization" */;
			compatibilityVersion = "Xcode 14.0";
			developmentRegion = en;
			hasScannedForEncodings = 0;
			knownRegions = (
				en,
				Base,
				hi,
				ru,
				it,
				fi,
			);
			mainGroup = 0CC4853F29EF8FB6001AE142;
			packageReferences = (
				0CB9D89729F0E482003BE3C0 /* XCRemoteSwiftPackageReference "firebase-ios-sdk" */,
			);
			productRefGroup = 0CC4854929EF8FB6001AE142 /* Products */;
			projectDirPath = "";
			projectRoot = "";
			targets = (
				0CC4854729EF8FB6001AE142 /* AppLocalization */,
				0CC4855D29EF8FB8001AE142 /* AppLocalizationTests */,
				0CC4856729EF8FB8001AE142 /* AppLocalizationUITests */,
			);
		};
/* End PBXProject section */

/* Begin PBXResourcesBuildPhase section */
		0CC4854629EF8FB6001AE142 /* Resources */ = {
			isa = PBXResourcesBuildPhase;
			buildActionMask = 2147483647;
			files = (
				0CC4855829EF8FB8001AE142 /* LaunchScreen.storyboard in Resources */,
				0CC4858C29EF923D001AE142 /* Localizable.strings in Resources */,
				0CB9D89629F0E3D7003BE3C0 /* GoogleService-Info.plist in Resources */,
				0CC4855529EF8FB8001AE142 /* Assets.xcassets in Resources */,
				0CC4855329EF8FB6001AE142 /* Main.storyboard in Resources */,
			);
			runOnlyForDeploymentPostprocessing = 0;
		};
		0CC4855C29EF8FB8001AE142 /* Resources */ = {
			isa = PBXResourcesBuildPhase;
			buildActionMask = 2147483647;
			files = (
			);
			runOnlyForDeploymentPostprocessing = 0;
		};
		0CC4856629EF8FB8001AE142 /* Resources */ = {
			isa = PBXResourcesBuildPhase;
			buildActionMask = 2147483647;
			files = (
			);
			runOnlyForDeploymentPostprocessing = 0;
		};
/* End PBXResourcesBuildPhase section */

/* Begin PBXSourcesBuildPhase section */
		0CC4854429EF8FB6001AE142 /* Sources */ = {
			isa = PBXSourcesBuildPhase;
			buildActionMask = 2147483647;
			files = (
				0CB9D89429EFA36C003BE3C0 /* Extantion.swift in Sources */,
				0CC4855029EF8FB6001AE142 /* ViewController.swift in Sources */,
				0CC4854C29EF8FB6001AE142 /* AppDelegate.swift in Sources */,
				0CC4854E29EF8FB6001AE142 /* SceneDelegate.swift in Sources */,
			);
			runOnlyForDeploymentPostprocessing = 0;
		};
		0CC4855A29EF8FB8001AE142 /* Sources */ = {
			isa = PBXSourcesBuildPhase;
			buildActionMask = 2147483647;
			files = (
				0CC4856329EF8FB8001AE142 /* AppLocalizationTests.swift in Sources */,
			);
			runOnlyForDeploymentPostprocessing = 0;
		};
		0CC4856429EF8FB8001AE142 /* Sources */ = {
			isa = PBXSourcesBuildPhase;
			buildActionMask = 2147483647;
			files = (
				0CC4856D29EF8FB8001AE142 /* AppLocalizationUITests.swift in Sources */,
				0CC4856F29EF8FB8001AE142 /* AppLocalizationUITestsLaunchTests.swift in Sources */,
			);
			runOnlyForDeploymentPostprocessing = 0;
		};
/* End PBXSourcesBuildPhase section */

/* Begin PBXTargetDependency section */
		0CC4856029EF8FB8001AE142 /* PBXTargetDependency */ = {
			isa = PBXTargetDependency;
			target = 0CC4854729EF8FB6001AE142 /* AppLocalization */;
			targetProxy = 0CC4855F29EF8FB8001AE142 /* PBXContainerItemProxy */;
		};
		0CC4856A29EF8FB8001AE142 /* PBXTargetDependency */ = {
			isa = PBXTargetDependency;
			target = 0CC4854729EF8FB6001AE142 /* AppLocalization */;
			targetProxy = 0CC4856929EF8FB8001AE142 /* PBXContainerItemProxy */;
		};
/* End PBXTargetDependency section */

/* Begin PBXVariantGroup section */
		0CC4855129EF8FB6001AE142 /* Main.storyboard */ = {
			isa = PBXVariantGroup;
			children = (
				0CC4855229EF8FB6001AE142 /* Base */,
				0CC4858029EF918A001AE142 /* hi */,
				0CC4858429EF91BF001AE142 /* ru */,
				0CC4858629EF91CF001AE142 /* it */,
				0CC4858829EF91DD001AE142 /* fi */,
			);
			name = Main.storyboard;
			sourceTree = "<group>";
		};
		0CC4855629EF8FB8001AE142 /* LaunchScreen.storyboard */ = {
			isa = PBXVariantGroup;
			children = (
				0CC4855729EF8FB8001AE142 /* Base */,
				0CC4858129EF918A001AE142 /* hi */,
				0CC4858529EF91BF001AE142 /* ru */,
				0CC4858729EF91CF001AE142 /* it */,
				0CC4858929EF91DD001AE142 /* fi */,
			);
			name = LaunchScreen.storyboard;
			sourceTree = "<group>";
		};
		0CC4858E29EF923D001AE142 /* Localizable.strings */ = {
			isa = PBXVariantGroup;
			children = (
				0CC4858D29EF923D001AE142 /* fi */,
				0CC4858F29EF9246001AE142 /* en */,
				0CC4859029EF9247001AE142 /* hi */,
				0CC4859129EF9248001AE142 /* it */,
				0CC4859229EF9249001AE142 /* ru */,
			);
			name = Localizable.strings;
			sourceTree = "<group>";
		};
/* End PBXVariantGroup section */

/* Begin XCBuildConfiguration section */
		0CC4857029EF8FB8001AE142 /* Debug */ = {
			isa = XCBuildConfiguration;
			buildSettings = {
				ALWAYS_SEARCH_USER_PATHS = NO;
				CLANG_ANALYZER_LOCALIZABILITY_NONLOCALIZED = YES;
				CLANG_ANALYZER_NONNULL = YES;
				CLANG_ANALYZER_NUMBER_OBJECT_CONVERSION = YES_AGGRESSIVE;
				CLANG_CXX_LANGUAGE_STANDARD = "gnu++20";
				CLANG_ENABLE_MODULES = YES;
				CLANG_ENABLE_OBJC_ARC = YES;
				CLANG_ENABLE_OBJC_WEAK = YES;
				CLANG_WARN_BLOCK_CAPTURE_AUTORELEASING = YES;
				CLANG_WARN_BOOL_CONVERSION = YES;
				CLANG_WARN_COMMA = YES;
				CLANG_WARN_CONSTANT_CONVERSION = YES;
				CLANG_WARN_DEPRECATED_OBJC_IMPLEMENTATIONS = YES;
				CLANG_WARN_DIRECT_OBJC_ISA_USAGE = YES_ERROR;
				CLANG_WARN_DOCUMENTATION_COMMENTS = YES;
				CLANG_WARN_EMPTY_BODY = YES;
				CLANG_WARN_ENUM_CONVERSION = YES;
				CLANG_WARN_INFINITE_RECURSION = YES;
				CLANG_WARN_INT_CONVERSION = YES;
				CLANG_WARN_NON_LITERAL_NULL_CONVERSION = YES;
				CLANG_WARN_OBJC_IMPLICIT_RETAIN_SELF = YES;
				CLANG_WARN_OBJC_LITERAL_CONVERSION = YES;
				CLANG_WARN_OBJC_ROOT_CLASS = YES_ERROR;
				CLANG_WARN_QUOTED_INCLUDE_IN_FRAMEWORK_HEADER = YES;
				CLANG_WARN_RANGE_LOOP_ANALYSIS = YES;
				CLANG_WARN_STRICT_PROTOTYPES = YES;
				CLANG_WARN_SUSPICIOUS_MOVE = YES;
				CLANG_WARN_UNGUARDED_AVAILABILITY = YES_AGGRESSIVE;
				CLANG_WARN_UNREACHABLE_CODE = YES;
				CLANG_WARN__DUPLICATE_METHOD_MATCH = YES;
				COPY_PHASE_STRIP = NO;
				DEBUG_INFORMATION_FORMAT = dwarf;
				ENABLE_STRICT_OBJC_MSGSEND = YES;
				ENABLE_TESTABILITY = YES;
				GCC_C_LANGUAGE_STANDARD = gnu11;
				GCC_DYNAMIC_NO_PIC = NO;
				GCC_NO_COMMON_BLOCKS = YES;
				GCC_OPTIMIZATION_LEVEL = 0;
				GCC_PREPROCESSOR_DEFINITIONS = (
					"DEBUG=1",
					"$(inherited)",
				);
				GCC_WARN_64_TO_32_BIT_CONVERSION = YES;
				GCC_WARN_ABOUT_RETURN_TYPE = YES_ERROR;
				GCC_WARN_UNDECLARED_SELECTOR = YES;
				GCC_WARN_UNINITIALIZED_AUTOS = YES_AGGRESSIVE;
				GCC_WARN_UNUSED_FUNCTION = YES;
				GCC_WARN_UNUSED_VARIABLE = YES;
				IPHONEOS_DEPLOYMENT_TARGET = 16.4;
				MTL_ENABLE_DEBUG_INFO = INCLUDE_SOURCE;
				MTL_FAST_MATH = YES;
				ONLY_ACTIVE_ARCH = YES;
				SDKROOT = iphoneos;
				SWIFT_ACTIVE_COMPILATION_CONDITIONS = DEBUG;
				SWIFT_OPTIMIZATION_LEVEL = "-Onone";
			};
			name = Debug;
		};
		0CC4857129EF8FB8001AE142 /* Release */ = {
			isa = XCBuildConfiguration;
			buildSettings = {
				ALWAYS_SEARCH_USER_PATHS = NO;
				CLANG_ANALYZER_LOCALIZABILITY_NONLOCALIZED = YES;
				CLANG_ANALYZER_NONNULL = YES;
				CLANG_ANALYZER_NUMBER_OBJECT_CONVERSION = YES_AGGRESSIVE;
				CLANG_CXX_LANGUAGE_STANDARD = "gnu++20";
				CLANG_ENABLE_MODULES = YES;
				CLANG_ENABLE_OBJC_ARC = YES;
				CLANG_ENABLE_OBJC_WEAK = YES;
				CLANG_WARN_BLOCK_CAPTURE_AUTORELEASING = YES;
				CLANG_WARN_BOOL_CONVERSION = YES;
				CLANG_WARN_COMMA = YES;
				CLANG_WARN_CONSTANT_CONVERSION = YES;
				CLANG_WARN_DEPRECATED_OBJC_IMPLEMENTATIONS = YES;
				CLANG_WARN_DIRECT_OBJC_ISA_USAGE = YES_ERROR;
				CLANG_WARN_DOCUMENTATION_COMMENTS = YES;
				CLANG_WARN_EMPTY_BODY = YES;
				CLANG_WARN_ENUM_CONVERSION = YES;
				CLANG_WARN_INFINITE_RECURSION = YES;
				CLANG_WARN_INT_CONVERSION = YES;
				CLANG_WARN_NON_LITERAL_NULL_CONVERSION = YES;
				CLANG_WARN_OBJC_IMPLICIT_RETAIN_SELF = YES;
				CLANG_WARN_OBJC_LITERAL_CONVERSION = YES;
				CLANG_WARN_OBJC_ROOT_CLASS = YES_ERROR;
				CLANG_WARN_QUOTED_INCLUDE_IN_FRAMEWORK_HEADER = YES;
				CLANG_WARN_RANGE_LOOP_ANALYSIS = YES;
				CLANG_WARN_STRICT_PROTOTYPES = YES;
				CLANG_WARN_SUSPICIOUS_MOVE = YES;
				CLANG_WARN_UNGUARDED_AVAILABILITY = YES_AGGRESSIVE;
				CLANG_WARN_UNREACHABLE_CODE = YES;
				CLANG_WARN__DUPLICATE_METHOD_MATCH = YES;
				COPY_PHASE_STRIP = NO;
				DEBUG_INFORMATION_FORMAT = "dwarf-with-dsym";
				ENABLE_NS_ASSERTIONS = NO;
				ENABLE_STRICT_OBJC_MSGSEND = YES;
				GCC_C_LANGUAGE_STANDARD = gnu11;
				GCC_NO_COMMON_BLOCKS = YES;
				GCC_WARN_64_TO_32_BIT_CONVERSION = YES;
				GCC_WARN_ABOUT_RETURN_TYPE = YES_ERROR;
				GCC_WARN_UNDECLARED_SELECTOR = YES;
				GCC_WARN_UNINITIALIZED_AUTOS = YES_AGGRESSIVE;
				GCC_WARN_UNUSED_FUNCTION = YES;
				GCC_WARN_UNUSED_VARIABLE = YES;
				IPHONEOS_DEPLOYMENT_TARGET = 16.4;
				MTL_ENABLE_DEBUG_INFO = NO;
				MTL_FAST_MATH = YES;
				SDKROOT = iphoneos;
				SWIFT_COMPILATION_MODE = wholemodule;
				SWIFT_OPTIMIZATION_LEVEL = "-O";
				VALIDATE_PRODUCT = YES;
			};
			name = Release;
		};
		0CC4857329EF8FB8001AE142 /* Debug */ = {
			isa = XCBuildConfiguration;
			buildSettings = {
				ASSETCATALOG_COMPILER_APPICON_NAME = AppIcon;
				ASSETCATALOG_COMPILER_GLOBAL_ACCENT_COLOR_NAME = AccentColor;
				CODE_SIGN_STYLE = Automatic;
				CURRENT_PROJECT_VERSION = 1;
				GENERATE_INFOPLIST_FILE = YES;
				INFOPLIST_FILE = AppLocalization/Info.plist;
				INFOPLIST_KEY_UIApplicationSupportsIndirectInputEvents = YES;
				INFOPLIST_KEY_UILaunchStoryboardName = LaunchScreen;
				INFOPLIST_KEY_UIMainStoryboardFile = Main;
				INFOPLIST_KEY_UISupportedInterfaceOrientations_iPad = "UIInterfaceOrientationPortrait UIInterfaceOrientationPortraitUpsideDown UIInterfaceOrientationLandscapeLeft UIInterfaceOrientationLandscapeRight";
				INFOPLIST_KEY_UISupportedInterfaceOrientations_iPhone = "UIInterfaceOrientationPortrait UIInterfaceOrientationLandscapeLeft UIInterfaceOrientationLandscapeRight";
				LD_RUNPATH_SEARCH_PATHS = (
					"$(inherited)",
					"@executable_path/Frameworks",
				);
				MARKETING_VERSION = 1.0;
				PRODUCT_BUNDLE_IDENTIFIER = com.Ayush.AppLocalization;
				PRODUCT_NAME = "$(TARGET_NAME)";
				SWIFT_EMIT_LOC_STRINGS = YES;
				SWIFT_VERSION = 5.0;
				TARGETED_DEVICE_FAMILY = "1,2";
			};
			name = Debug;
		};
		0CC4857429EF8FB8001AE142 /* Release */ = {
			isa = XCBuildConfiguration;
			buildSettings = {
				ASSETCATALOG_COMPILER_APPICON_NAME = AppIcon;
				ASSETCATALOG_COMPILER_GLOBAL_ACCENT_COLOR_NAME = AccentColor;
				CODE_SIGN_STYLE = Automatic;
				CURRENT_PROJECT_VERSION = 1;
				GENERATE_INFOPLIST_FILE = YES;
				INFOPLIST_FILE = AppLocalization/Info.plist;
				INFOPLIST_KEY_UIApplicationSupportsIndirectInputEvents = YES;
				INFOPLIST_KEY_UILaunchStoryboardName = LaunchScreen;
				INFOPLIST_KEY_UIMainStoryboardFile = Main;
				INFOPLIST_KEY_UISupportedInterfaceOrientations_iPad = "UIInterfaceOrientationPortrait UIInterfaceOrientationPortraitUpsideDown UIInterfaceOrientationLandscapeLeft UIInterfaceOrientationLandscapeRight";
				INFOPLIST_KEY_UISupportedInterfaceOrientations_iPhone = "UIInterfaceOrientationPortrait UIInterfaceOrientationLandscapeLeft UIInterfaceOrientationLandscapeRight";
				LD_RUNPATH_SEARCH_PATHS = (
					"$(inherited)",
					"@executable_path/Frameworks",
				);
				MARKETING_VERSION = 1.0;
				PRODUCT_BUNDLE_IDENTIFIER = com.Ayush.AppLocalization;
				PRODUCT_NAME = "$(TARGET_NAME)";
				SWIFT_EMIT_LOC_STRINGS = YES;
				SWIFT_VERSION = 5.0;
				TARGETED_DEVICE_FAMILY = "1,2";
			};
			name = Release;
		};
		0CC4857629EF8FB8001AE142 /* Debug */ = {
			isa = XCBuildConfiguration;
			buildSettings = {
				ALWAYS_EMBED_SWIFT_STANDARD_LIBRARIES = YES;
				BUNDLE_LOADER = "$(TEST_HOST)";
				CODE_SIGN_STYLE = Automatic;
				CURRENT_PROJECT_VERSION = 1;
				GENERATE_INFOPLIST_FILE = YES;
				IPHONEOS_DEPLOYMENT_TARGET = 16.4;
				MARKETING_VERSION = 1.0;
				PRODUCT_BUNDLE_IDENTIFIER = com.Ayush.AppLocalizationTests;
				PRODUCT_NAME = "$(TARGET_NAME)";
				SWIFT_EMIT_LOC_STRINGS = NO;
				SWIFT_VERSION = 5.0;
				TARGETED_DEVICE_FAMILY = "1,2";
				TEST_HOST = "$(BUILT_PRODUCTS_DIR)/AppLocalization.app/$(BUNDLE_EXECUTABLE_FOLDER_PATH)/AppLocalization";
			};
			name = Debug;
		};
		0CC4857729EF8FB8001AE142 /* Release */ = {
			isa = XCBuildConfiguration;
			buildSettings = {
				ALWAYS_EMBED_SWIFT_STANDARD_LIBRARIES = YES;
				BUNDLE_LOADER = "$(TEST_HOST)";
				CODE_SIGN_STYLE = Automatic;
				CURRENT_PROJECT_VERSION = 1;
				GENERATE_INFOPLIST_FILE = YES;
				IPHONEOS_DEPLOYMENT_TARGET = 16.4;
				MARKETING_VERSION = 1.0;
				PRODUCT_BUNDLE_IDENTIFIER = com.Ayush.AppLocalizationTests;
				PRODUCT_NAME = "$(TARGET_NAME)";
				SWIFT_EMIT_LOC_STRINGS = NO;
				SWIFT_VERSION = 5.0;
				TARGETED_DEVICE_FAMILY = "1,2";
				TEST_HOST = "$(BUILT_PRODUCTS_DIR)/AppLocalization.app/$(BUNDLE_EXECUTABLE_FOLDER_PATH)/AppLocalization";
			};
			name = Release;
		};
		0CC4857929EF8FB8001AE142 /* Debug */ = {
			isa = XCBuildConfiguration;
			buildSettings = {
				ALWAYS_EMBED_SWIFT_STANDARD_LIBRARIES = YES;
				CODE_SIGN_STYLE = Automatic;
				CURRENT_PROJECT_VERSION = 1;
				GENERATE_INFOPLIST_FILE = YES;
				MARKETING_VERSION = 1.0;
				PRODUCT_BUNDLE_IDENTIFIER = com.Ayush.AppLocalizationUITests;
				PRODUCT_NAME = "$(TARGET_NAME)";
				SWIFT_EMIT_LOC_STRINGS = NO;
				SWIFT_VERSION = 5.0;
				TARGETED_DEVICE_FAMILY = "1,2";
				TEST_TARGET_NAME = AppLocalization;
			};
			name = Debug;
		};
		0CC4857A29EF8FB8001AE142 /* Release */ = {
			isa = XCBuildConfiguration;
			buildSettings = {
				ALWAYS_EMBED_SWIFT_STANDARD_LIBRARIES = YES;
				CODE_SIGN_STYLE = Automatic;
				CURRENT_PROJECT_VERSION = 1;
				GENERATE_INFOPLIST_FILE = YES;
				MARKETING_VERSION = 1.0;
				PRODUCT_BUNDLE_IDENTIFIER = com.Ayush.AppLocalizationUITests;
				PRODUCT_NAME = "$(TARGET_NAME)";
				SWIFT_EMIT_LOC_STRINGS = NO;
				SWIFT_VERSION = 5.0;
				TARGETED_DEVICE_FAMILY = "1,2";
				TEST_TARGET_NAME = AppLocalization;
			};
			name = Release;
		};
/* End XCBuildConfiguration section */

/* Begin XCConfigurationList section */
		0CC4854329EF8FB6001AE142 /* Build configuration list for PBXProject "AppLocalization" */ = {
			isa = XCConfigurationList;
			buildConfigurations = (
				0CC4857029EF8FB8001AE142 /* Debug */,
				0CC4857129EF8FB8001AE142 /* Release */,
			);
			defaultConfigurationIsVisible = 0;
			defaultConfigurationName = Release;
		};
		0CC4857229EF8FB8001AE142 /* Build configuration list for PBXNativeTarget "AppLocalization" */ = {
			isa = XCConfigurationList;
			buildConfigurations = (
				0CC4857329EF8FB8001AE142 /* Debug */,
				0CC4857429EF8FB8001AE142 /* Release */,
			);
			defaultConfigurationIsVisible = 0;
			defaultConfigurationName = Release;
		};
		0CC4857529EF8FB8001AE142 /* Build configuration list for PBXNativeTarget "AppLocalizationTests" */ = {
			isa = XCConfigurationList;
			buildConfigurations = (
				0CC4857629EF8FB8001AE142 /* Debug */,
				0CC4857729EF8FB8001AE142 /* Release */,
			);
			defaultConfigurationIsVisible = 0;
			defaultConfigurationName = Release;
		};
		0CC4857829EF8FB8001AE142 /* Build configuration list for PBXNativeTarget "AppLocalizationUITests" */ = {
			isa = XCConfigurationList;
			buildConfigurations = (
				0CC4857929EF8FB8001AE142 /* Debug */,
				0CC4857A29EF8FB8001AE142 /* Release */,
			);
			defaultConfigurationIsVisible = 0;
			defaultConfigurationName = Release;
		};
/* End XCConfigurationList section */

/* Begin XCRemoteSwiftPackageReference section */
		0CB9D89729F0E482003BE3C0 /* XCRemoteSwiftPackageReference "firebase-ios-sdk" */ = {
			isa = XCRemoteSwiftPackageReference;
			repositoryURL = "https://github.com/firebase/firebase-ios-sdk";
			requirement = {
				kind = upToNextMajorVersion;
				minimumVersion = 10.0.0;
			};
		};
/* End XCRemoteSwiftPackageReference section */

/* Begin XCSwiftPackageProductDependency section */
		0CB9D89829F0E482003BE3C0 /* FirebaseAnalytics */ = {
			isa = XCSwiftPackageProductDependency;
			package = 0CB9D89729F0E482003BE3C0 /* XCRemoteSwiftPackageReference "firebase-ios-sdk" */;
			productName = FirebaseAnalytics;
		};
		0CB9D89A29F0E482003BE3C0 /* FirebaseAnalyticsOnDeviceConversion */ = {
			isa = XCSwiftPackageProductDependency;
			package = 0CB9D89729F0E482003BE3C0 /* XCRemoteSwiftPackageReference "firebase-ios-sdk" */;
			productName = FirebaseAnalyticsOnDeviceConversion;
		};
		0CB9D89C29F0E482003BE3C0 /* FirebaseAnalyticsSwift */ = {
			isa = XCSwiftPackageProductDependency;
			package = 0CB9D89729F0E482003BE3C0 /* XCRemoteSwiftPackageReference "firebase-ios-sdk" */;
			productName = FirebaseAnalyticsSwift;
		};
		0CB9D89E29F0E482003BE3C0 /* FirebaseAnalyticsWithoutAdIdSupport */ = {
			isa = XCSwiftPackageProductDependency;
			package = 0CB9D89729F0E482003BE3C0 /* XCRemoteSwiftPackageReference "firebase-ios-sdk" */;
			productName = FirebaseAnalyticsWithoutAdIdSupport;
		};
		0CB9D8A029F0E482003BE3C0 /* FirebaseAppCheck */ = {
			isa = XCSwiftPackageProductDependency;
			package = 0CB9D89729F0E482003BE3C0 /* XCRemoteSwiftPackageReference "firebase-ios-sdk" */;
			productName = FirebaseAppCheck;
		};
		0CB9D8A229F0E482003BE3C0 /* FirebaseAppDistribution-Beta */ = {
			isa = XCSwiftPackageProductDependency;
			package = 0CB9D89729F0E482003BE3C0 /* XCRemoteSwiftPackageReference "firebase-ios-sdk" */;
			productName = "FirebaseAppDistribution-Beta";
		};
		0CB9D8A429F0E482003BE3C0 /* FirebaseAuth */ = {
			isa = XCSwiftPackageProductDependency;
			package = 0CB9D89729F0E482003BE3C0 /* XCRemoteSwiftPackageReference "firebase-ios-sdk" */;
			productName = FirebaseAuth;
		};
		0CB9D8A629F0E482003BE3C0 /* FirebaseAuthCombine-Community */ = {
			isa = XCSwiftPackageProductDependency;
			package = 0CB9D89729F0E482003BE3C0 /* XCRemoteSwiftPackageReference "firebase-ios-sdk" */;
			productName = "FirebaseAuthCombine-Community";
		};
		0CB9D8A829F0E482003BE3C0 /* FirebaseCrashlytics */ = {
			isa = XCSwiftPackageProductDependency;
			package = 0CB9D89729F0E482003BE3C0 /* XCRemoteSwiftPackageReference "firebase-ios-sdk" */;
			productName = FirebaseCrashlytics;
		};
		0CB9D8AA29F0E482003BE3C0 /* FirebaseDatabase */ = {
			isa = XCSwiftPackageProductDependency;
			package = 0CB9D89729F0E482003BE3C0 /* XCRemoteSwiftPackageReference "firebase-ios-sdk" */;
			productName = FirebaseDatabase;
		};
		0CB9D8AC29F0E482003BE3C0 /* FirebaseDatabaseSwift */ = {
			isa = XCSwiftPackageProductDependency;
			package = 0CB9D89729F0E482003BE3C0 /* XCRemoteSwiftPackageReference "firebase-ios-sdk" */;
			productName = FirebaseDatabaseSwift;
		};
		0CB9D8AE29F0E482003BE3C0 /* FirebaseDynamicLinks */ = {
			isa = XCSwiftPackageProductDependency;
			package = 0CB9D89729F0E482003BE3C0 /* XCRemoteSwiftPackageReference "firebase-ios-sdk" */;
			productName = FirebaseDynamicLinks;
		};
		0CB9D8B029F0E482003BE3C0 /* FirebaseFirestore */ = {
			isa = XCSwiftPackageProductDependency;
			package = 0CB9D89729F0E482003BE3C0 /* XCRemoteSwiftPackageReference "firebase-ios-sdk" */;
			productName = FirebaseFirestore;
		};
		0CB9D8B229F0E482003BE3C0 /* FirebaseFirestoreCombine-Community */ = {
			isa = XCSwiftPackageProductDependency;
			package = 0CB9D89729F0E482003BE3C0 /* XCRemoteSwiftPackageReference "firebase-ios-sdk" */;
			productName = "FirebaseFirestoreCombine-Community";
		};
		0CB9D8B429F0E482003BE3C0 /* FirebaseFirestoreSwift */ = {
			isa = XCSwiftPackageProductDependency;
			package = 0CB9D89729F0E482003BE3C0 /* XCRemoteSwiftPackageReference "firebase-ios-sdk" */;
			productName = FirebaseFirestoreSwift;
		};
		0CB9D8B629F0E482003BE3C0 /* FirebaseFunctions */ = {
			isa = XCSwiftPackageProductDependency;
			package = 0CB9D89729F0E482003BE3C0 /* XCRemoteSwiftPackageReference "firebase-ios-sdk" */;
			productName = FirebaseFunctions;
		};
		0CB9D8B829F0E482003BE3C0 /* FirebaseFunctionsCombine-Community */ = {
			isa = XCSwiftPackageProductDependency;
			package = 0CB9D89729F0E482003BE3C0 /* XCRemoteSwiftPackageReference "firebase-ios-sdk" */;
			productName = "FirebaseFunctionsCombine-Community";
		};
		0CB9D8BA29F0E482003BE3C0 /* FirebaseInAppMessaging-Beta */ = {
			isa = XCSwiftPackageProductDependency;
			package = 0CB9D89729F0E482003BE3C0 /* XCRemoteSwiftPackageReference "firebase-ios-sdk" */;
			productName = "FirebaseInAppMessaging-Beta";
		};
		0CB9D8BC29F0E482003BE3C0 /* FirebaseInAppMessagingSwift-Beta */ = {
			isa = XCSwiftPackageProductDependency;
			package = 0CB9D89729F0E482003BE3C0 /* XCRemoteSwiftPackageReference "firebase-ios-sdk" */;
			productName = "FirebaseInAppMessagingSwift-Beta";
		};
		0CB9D8BE29F0E482003BE3C0 /* FirebaseInstallations */ = {
			isa = XCSwiftPackageProductDependency;
			package = 0CB9D89729F0E482003BE3C0 /* XCRemoteSwiftPackageReference "firebase-ios-sdk" */;
			productName = FirebaseInstallations;
		};
		0CB9D8C029F0E482003BE3C0 /* FirebaseMLModelDownloader */ = {
			isa = XCSwiftPackageProductDependency;
			package = 0CB9D89729F0E482003BE3C0 /* XCRemoteSwiftPackageReference "firebase-ios-sdk" */;
			productName = FirebaseMLModelDownloader;
		};
		0CB9D8C229F0E482003BE3C0 /* FirebaseMessaging */ = {
			isa = XCSwiftPackageProductDependency;
			package = 0CB9D89729F0E482003BE3C0 /* XCRemoteSwiftPackageReference "firebase-ios-sdk" */;
			productName = FirebaseMessaging;
		};
		0CB9D8C429F0E482003BE3C0 /* FirebasePerformance */ = {
			isa = XCSwiftPackageProductDependency;
			package = 0CB9D89729F0E482003BE3C0 /* XCRemoteSwiftPackageReference "firebase-ios-sdk" */;
			productName = FirebasePerformance;
		};
		0CB9D8C629F0E482003BE3C0 /* FirebaseRemoteConfig */ = {
			isa = XCSwiftPackageProductDependency;
			package = 0CB9D89729F0E482003BE3C0 /* XCRemoteSwiftPackageReference "firebase-ios-sdk" */;
			productName = FirebaseRemoteConfig;
		};
		0CB9D8C829F0E482003BE3C0 /* FirebaseRemoteConfigSwift */ = {
			isa = XCSwiftPackageProductDependency;
			package = 0CB9D89729F0E482003BE3C0 /* XCRemoteSwiftPackageReference "firebase-ios-sdk" */;
			productName = FirebaseRemoteConfigSwift;
		};
		0CB9D8CA29F0E482003BE3C0 /* FirebaseStorage */ = {
			isa = XCSwiftPackageProductDependency;
			package = 0CB9D89729F0E482003BE3C0 /* XCRemoteSwiftPackageReference "firebase-ios-sdk" */;
			productName = FirebaseStorage;
		};
		0CB9D8CC29F0E482003BE3C0 /* FirebaseStorageCombine-Community */ = {
			isa = XCSwiftPackageProductDependency;
			package = 0CB9D89729F0E482003BE3C0 /* XCRemoteSwiftPackageReference "firebase-ios-sdk" */;
			productName = "FirebaseStorageCombine-Community";
		};
/* End XCSwiftPackageProductDependency section */
	};
	rootObject = 0CC4854029EF8FB6001AE142 /* Project object */;
}
