// !$*UTF8*$!
{
	archiveVersion = 1;
	classes = {
	};
	objectVersion = 56;
	objects = {

/* Begin PBXBuildFile section */
		0CC4854C29EF8FB6001AE142 /* AppDelegate.swift in Sources */ = {isa = PBXBuildFile; fileRef = 0CC4854B29EF8FB6001AE142 /* AppDelegate.swift */; };
		0CC4854E29EF8FB6001AE142 /* SceneDelegate.swift in Sources */ = {isa = PBXBuildFile; fileRef = 0CC4854D29EF8FB6001AE142 /* SceneDelegate.swift */; };
		0CC4855029EF8FB6001AE142 /* ViewController.swift in Sources */ = {isa = PBXBuildFile; fileRef = 0CC4854F29EF8FB6001AE142 /* ViewController.swift */; };
		0CC4855329EF8FB6001AE142 /* Main.storyboard in Resources */ = {isa = PBXBuildFile; fileRef = 0CC4855129EF8FB6001AE142 /* Main.storyboard */; };
		0CC4855529EF8FB8001AE142 /* Assets.xcassets in Resources */ = {isa = PBXBuildFile; fileRef = 0CC4855429EF8FB8001AE142 /* Assets.xcassets */; };
		0CC4855829EF8FB8001AE142 /* LaunchScreen.storyboard in Resources */ = {isa = PBXBuildFile; fileRef = 0CC4855629EF8FB8001AE142 /* LaunchScreen.storyboard */; };
		0CC4856329EF8FB8001AE142 /* AppLocalizationTests.swift in Sources */ = {isa = PBXBuildFile; fileRef = 0CC4856229EF8FB8001AE142 /* AppLocalizationTests.swift */; };
		0CC4856D29EF8FB8001AE142 /* AppLocalizationUITests.swift in Sources */ = {isa = PBXBuildFile; fileRef = 0CC4856C29EF8FB8001AE142 /* AppLocalizationUITests.swift */; };
		0CC4856F29EF8FB8001AE142 /* AppLocalizationUITestsLaunchTests.swift in Sources */ = {isa = PBXBuildFile; fileRef = 0CC4856E29EF8FB8001AE142 /* AppLocalizationUITestsLaunchTests.swift */; };
/* End PBXBuildFile section */

/* Begin PBXContainerItemProxy section */
		0CC4855F29EF8FB8001AE142 /* PBXContainerItemProxy */ = {
			isa = PBXContainerItemProxy;
			containerPortal = 0CC4854029EF8FB6001AE142 /* Project object */;
			proxyType = 1;
			remoteGlobalIDString = 0CC4854729EF8FB6001AE142;
			remoteInfo = AppLocalization;
		};
		0CC4856929EF8FB8001AE142 /* PBXContainerItemProxy */ = {
			isa = PBXContainerItemProxy;
			containerPortal = 0CC4854029EF8FB6001AE142 /* Project object */;
			proxyType = 1;
			remoteGlobalIDString = 0CC4854729EF8FB6001AE142;
			remoteInfo = AppLocalization;
		};
/* End PBXContainerItemProxy section */

/* Begin PBXFileReference section */
		0CC4854829EF8FB6001AE142 /* AppLocalization.app */ = {isa = PBXFileReference; explicitFileType = wrapper.application; includeInIndex = 0; path = AppLocalization.app; sourceTree = BUILT_PRODUCTS_DIR; };
		0CC4854B29EF8FB6001AE142 /* AppDelegate.swift */ = {isa = PBXFileReference; lastKnownFileType = sourcecode.swift; path = AppDelegate.swift; sourceTree = "<group>"; };
		0CC4854D29EF8FB6001AE142 /* SceneDelegate.swift */ = {isa = PBXFileReference; lastKnownFileType = sourcecode.swift; path = SceneDelegate.swift; sourceTree = "<group>"; };
		0CC4854F29EF8FB6001AE142 /* ViewController.swift */ = {isa = PBXFileReference; lastKnownFileType = sourcecode.swift; path = ViewController.swift; sourceTree = "<group>"; };
		0CC4855229EF8FB6001AE142 /* Base */ = {isa = PBXFileReference; lastKnownFileType = file.storyboard; name = Base; path = Base.lproj/Main.storyboard; sourceTree = "<group>"; };
		0CC4855429EF8FB8001AE142 /* Assets.xcassets */ = {isa = PBXFileReference; lastKnownFileType = folder.assetcatalog; path = Assets.xcassets; sourceTree = "<group>"; };
		0CC4855729EF8FB8001AE142 /* Base */ = {isa = PBXFileReference; lastKnownFileType = file.storyboard; name = Base; path = Base.lproj/LaunchScreen.storyboard; sourceTree = "<group>"; };
		0CC4855929EF8FB8001AE142 /* Info.plist */ = {isa = PBXFileReference; lastKnownFileType = text.plist.xml; path = Info.plist; sourceTree = "<group>"; };
		0CC4855E29EF8FB8001AE142 /* AppLocalizationTests.xctest */ = {isa = PBXFileReference; explicitFileType = wrapper.cfbundle; includeInIndex = 0; path = AppLocalizationTests.xctest; sourceTree = BUILT_PRODUCTS_DIR; };
		0CC4856229EF8FB8001AE142 /* AppLocalizationTests.swift */ = {isa = PBXFileReference; lastKnownFileType = sourcecode.swift; path = AppLocalizationTests.swift; sourceTree = "<group>"; };
		0CC4856829EF8FB8001AE142 /* AppLocalizationUITests.xctest */ = {isa = PBXFileReference; explicitFileType = wrapper.cfbundle; includeInIndex = 0; path = AppLocalizationUITests.xctest; sourceTree = BUILT_PRODUCTS_DIR; };
		0CC4856C29EF8FB8001AE142 /* AppLocalizationUITests.swift */ = {isa = PBXFileReference; lastKnownFileType = sourcecode.swift; path = AppLocalizationUITests.swift; sourceTree = "<group>"; };
		0CC4856E29EF8FB8001AE142 /* AppLocalizationUITestsLaunchTests.swift */ = {isa = PBXFileReference; lastKnownFileType = sourcecode.swift; path = AppLocalizationUITestsLaunchTests.swift; sourceTree = "<group>"; };
/* End PBXFileReference section */

/* Begin PBXFrameworksBuildPhase section */
		0CC4854529EF8FB6001AE142 /* Frameworks */ = {
			isa = PBXFrameworksBuildPhase;
			buildActionMask = 2147483647;
			files = (
			);
			runOnlyForDeploymentPostprocessing = 0;
		};
		0CC4855B29EF8FB8001AE142 /* Frameworks */ = {
			isa = PBXFrameworksBuildPhase;
			buildActionMask = 2147483647;
			files = (
			);
			runOnlyForDeploymentPostprocessing = 0;
		};
		0CC4856529EF8FB8001AE142 /* Frameworks */ = {
			isa = PBXFrameworksBuildPhase;
			buildActionMask = 2147483647;
			files = (
			);
			runOnlyForDeploymentPostprocessing = 0;
		};
/* End PBXFrameworksBuildPhase section */

/* Begin PBXGroup section */
		0CC4853F29EF8FB6001AE142 = {
			isa = PBXGroup;
			children = (
				0CC4854A29EF8FB6001AE142 /* AppLocalization */,
				0CC4856129EF8FB8001AE142 /* AppLocalizationTests */,
				0CC4856B29EF8FB8001AE142 /* AppLocalizationUITests */,
				0CC4854929EF8FB6001AE142 /* Products */,
			);
			sourceTree = "<group>";
		};
		0CC4854929EF8FB6001AE142 /* Products */ = {
			isa = PBXGroup;
			children = (
				0CC4854829EF8FB6001AE142 /* AppLocalization.app */,
				0CC4855E29EF8FB8001AE142 /* AppLocalizationTests.xctest */,
				0CC4856829EF8FB8001AE142 /* AppLocalizationUITests.xctest */,
			);
			name = Products;
			sourceTree = "<group>";
		};
		0CC4854A29EF8FB6001AE142 /* AppLocalization */ = {
			isa = PBXGroup;
			children = (
				0CC4854B29EF8FB6001AE142 /* AppDelegate.swift */,
				0CC4854D29EF8FB6001AE142 /* SceneDelegate.swift */,
				0CC4854F29EF8FB6001AE142 /* ViewController.swift */,
				0CC4855129EF8FB6001AE142 /* Main.storyboard */,
				0CC4855429EF8FB8001AE142 /* Assets.xcassets */,
				0CC4855629EF8FB8001AE142 /* LaunchScreen.storyboard */,
				0CC4855929EF8FB8001AE142 /* Info.plist */,
			);
			path = AppLocalization;
			sourceTree = "<group>";
		};
		0CC4856129EF8FB8001AE142 /* AppLocalizationTests */ = {
			isa = PBXGroup;
			children = (
				0CC4856229EF8FB8001AE142 /* AppLocalizationTests.swift */,
			);
			path = AppLocalizationTests;
			sourceTree = "<group>";
		};
		0CC4856B29EF8FB8001AE142 /* AppLocalizationUITests */ = {
			isa = PBXGroup;
			children = (
				0CC4856C29EF8FB8001AE142 /* AppLocalizationUITests.swift */,
				0CC4856E29EF8FB8001AE142 /* AppLocalizationUITestsLaunchTests.swift */,
			);
			path = AppLocalizationUITests;
			sourceTree = "<group>";
		};
/* End PBXGroup section */

/* Begin PBXNativeTarget section */
		0CC4854729EF8FB6001AE142 /* AppLocalization */ = {
			isa = PBXNativeTarget;
			buildConfigurationList = 0CC4857229EF8FB8001AE142 /* Build configuration list for PBXNativeTarget "AppLocalization" */;
			buildPhases = (
				0CC4854429EF8FB6001AE142 /* Sources */,
				0CC4854529EF8FB6001AE142 /* Frameworks */,
				0CC4854629EF8FB6001AE142 /* Resources */,
			);
			buildRules = (
			);
			dependencies = (
			);
			name = AppLocalization;
			productName = AppLocalization;
			productReference = 0CC4854829EF8FB6001AE142 /* AppLocalization.app */;
			productType = "com.apple.product-type.application";
		};
		0CC4855D29EF8FB8001AE142 /* AppLocalizationTests */ = {
			isa = PBXNativeTarget;
			buildConfigurationList = 0CC4857529EF8FB8001AE142 /* Build configuration list for PBXNativeTarget "AppLocalizationTests" */;
			buildPhases = (
				0CC4855A29EF8FB8001AE142 /* Sources */,
				0CC4855B29EF8FB8001AE142 /* Frameworks */,
				0CC4855C29EF8FB8001AE142 /* Resources */,
			);
			buildRules = (
			);
			dependencies = (
				0CC4856029EF8FB8001AE142 /* PBXTargetDependency */,
			);
			name = AppLocalizationTests;
			productName = AppLocalizationTests;
			productReference = 0CC4855E29EF8FB8001AE142 /* AppLocalizationTests.xctest */;
			productType = "com.apple.product-type.bundle.unit-test";
		};
		0CC4856729EF8FB8001AE142 /* AppLocalizationUITests */ = {
			isa = PBXNativeTarget;
			buildConfigurationList = 0CC4857829EF8FB8001AE142 /* Build configuration list for PBXNativeTarget "AppLocalizationUITests" */;
			buildPhases = (
				0CC4856429EF8FB8001AE142 /* Sources */,
				0CC4856529EF8FB8001AE142 /* Frameworks */,
				0CC4856629EF8FB8001AE142 /* Resources */,
			);
			buildRules = (
			);
			dependencies = (
				0CC4856A29EF8FB8001AE142 /* PBXTargetDependency */,
			);
			name = AppLocalizationUITests;
			productName = AppLocalizationUITests;
			productReference = 0CC4856829EF8FB8001AE142 /* AppLocalizationUITests.xctest */;
			productType = "com.apple.product-type.bundle.ui-testing";
		};
/* End PBXNativeTarget section */

/* Begin PBXProject section */
		0CC4854029EF8FB6001AE142 /* Project object */ = {
			isa = PBXProject;
			attributes = {
				BuildIndependentTargetsInParallel = 1;
				LastSwiftUpdateCheck = 1430;
				LastUpgradeCheck = 1430;
				TargetAttributes = {
					0CC4854729EF8FB6001AE142 = {
						CreatedOnToolsVersion = 14.3;
					};
					0CC4855D29EF8FB8001AE142 = {
						CreatedOnToolsVersion = 14.3;
						TestTargetID = 0CC4854729EF8FB6001AE142;
					};
					0CC4856729EF8FB8001AE142 = {
						CreatedOnToolsVersion = 14.3;
						TestTargetID = 0CC4854729EF8FB6001AE142;
					};
				};
			};
			buildConfigurationList = 0CC4854329EF8FB6001AE142 /* Build configuration list for PBXProject "AppLocalization" */;
			compatibilityVersion = "Xcode 14.0";
			developmentRegion = en;
			hasScannedForEncodings = 0;
			knownRegions = (
				en,
				Base,
			);
			mainGroup = 0CC4853F29EF8FB6001AE142;
			productRefGroup = 0CC4854929EF8FB6001AE142 /* Products */;
			projectDirPath = "";
			projectRoot = "";
			targets = (
				0CC4854729EF8FB6001AE142 /* AppLocalization */,
				0CC4855D29EF8FB8001AE142 /* AppLocalizationTests */,
				0CC4856729EF8FB8001AE142 /* AppLocalizationUITests */,
			);
		};
/* End PBXProject section */

/* Begin PBXResourcesBuildPhase section */
		0CC4854629EF8FB6001AE142 /* Resources */ = {
			isa = PBXResourcesBuildPhase;
			buildActionMask = 2147483647;
			files = (
				0CC4855829EF8FB8001AE142 /* LaunchScreen.storyboard in Resources */,
				0CC4855529EF8FB8001AE142 /* Assets.xcassets in Resources */,
				0CC4855329EF8FB6001AE142 /* Main.storyboard in Resources */,
			);
			runOnlyForDeploymentPostprocessing = 0;
		};
		0CC4855C29EF8FB8001AE142 /* Resources */ = {
			isa = PBXResourcesBuildPhase;
			buildActionMask = 2147483647;
			files = (
			);
			runOnlyForDeploymentPostprocessing = 0;
		};
		0CC4856629EF8FB8001AE142 /* Resources */ = {
			isa = PBXResourcesBuildPhase;
			buildActionMask = 2147483647;
			files = (
			);
			runOnlyForDeploymentPostprocessing = 0;
		};
/* End PBXResourcesBuildPhase section */

/* Begin PBXSourcesBuildPhase section */
		0CC4854429EF8FB6001AE142 /* Sources */ = {
			isa = PBXSourcesBuildPhase;
			buildActionMask = 2147483647;
			files = (
				0CC4855029EF8FB6001AE142 /* ViewController.swift in Sources */,
				0CC4854C29EF8FB6001AE142 /* AppDelegate.swift in Sources */,
				0CC4854E29EF8FB6001AE142 /* SceneDelegate.swift in Sources */,
			);
			runOnlyForDeploymentPostprocessing = 0;
		};
		0CC4855A29EF8FB8001AE142 /* Sources */ = {
			isa = PBXSourcesBuildPhase;
			buildActionMask = 2147483647;
			files = (
				0CC4856329EF8FB8001AE142 /* AppLocalizationTests.swift in Sources */,
			);
			runOnlyForDeploymentPostprocessing = 0;
		};
		0CC4856429EF8FB8001AE142 /* Sources */ = {
			isa = PBXSourcesBuildPhase;
			buildActionMask = 2147483647;
			files = (
				0CC4856D29EF8FB8001AE142 /* AppLocalizationUITests.swift in Sources */,
				0CC4856F29EF8FB8001AE142 /* AppLocalizationUITestsLaunchTests.swift in Sources */,
			);
			runOnlyForDeploymentPostprocessing = 0;
		};
/* End PBXSourcesBuildPhase section */

/* Begin PBXTargetDependency section */
		0CC4856029EF8FB8001AE142 /* PBXTargetDependency */ = {
			isa = PBXTargetDependency;
			target = 0CC4854729EF8FB6001AE142 /* AppLocalization */;
			targetProxy = 0CC4855F29EF8FB8001AE142 /* PBXContainerItemProxy */;
		};
		0CC4856A29EF8FB8001AE142 /* PBXTargetDependency */ = {
			isa = PBXTargetDependency;
			target = 0CC4854729EF8FB6001AE142 /* AppLocalization */;
			targetProxy = 0CC4856929EF8FB8001AE142 /* PBXContainerItemProxy */;
		};
/* End PBXTargetDependency section */

/* Begin PBXVariantGroup section */
		0CC4855129EF8FB6001AE142 /* Main.storyboard */ = {
			isa = PBXVariantGroup;
			children = (
				0CC4855229EF8FB6001AE142 /* Base */,
			);
			name = Main.storyboard;
			sourceTree = "<group>";
		};
		0CC4855629EF8FB8001AE142 /* LaunchScreen.storyboard */ = {
			isa = PBXVariantGroup;
			children = (
				0CC4855729EF8FB8001AE142 /* Base */,
			);
			name = LaunchScreen.storyboard;
			sourceTree = "<group>";
		};
/* End PBXVariantGroup section */

/* Begin XCBuildConfiguration section */
		0CC4857029EF8FB8001AE142 /* Debug */ = {
			isa = XCBuildConfiguration;
			buildSettings = {
				ALWAYS_SEARCH_USER_PATHS = NO;
				CLANG_ANALYZER_NONNULL = YES;
				CLANG_ANALYZER_NUMBER_OBJECT_CONVERSION = YES_AGGRESSIVE;
				CLANG_CXX_LANGUAGE_STANDARD = "gnu++20";
				CLANG_ENABLE_MODULES = YES;
				CLANG_ENABLE_OBJC_ARC = YES;
				CLANG_ENABLE_OBJC_WEAK = YES;
				CLANG_WARN_BLOCK_CAPTURE_AUTORELEASING = YES;
				CLANG_WARN_BOOL_CONVERSION = YES;
				CLANG_WARN_COMMA = YES;
				CLANG_WARN_CONSTANT_CONVERSION = YES;
				CLANG_WARN_DEPRECATED_OBJC_IMPLEMENTATIONS = YES;
				CLANG_WARN_DIRECT_OBJC_ISA_USAGE = YES_ERROR;
				CLANG_WARN_DOCUMENTATION_COMMENTS = YES;
				CLANG_WARN_EMPTY_BODY = YES;
				CLANG_WARN_ENUM_CONVERSION = YES;
				CLANG_WARN_INFINITE_RECURSION = YES;
				CLANG_WARN_INT_CONVERSION = YES;
				CLANG_WARN_NON_LITERAL_NULL_CONVERSION = YES;
				CLANG_WARN_OBJC_IMPLICIT_RETAIN_SELF = YES;
				CLANG_WARN_OBJC_LITERAL_CONVERSION = YES;
				CLANG_WARN_OBJC_ROOT_CLASS = YES_ERROR;
				CLANG_WARN_QUOTED_INCLUDE_IN_FRAMEWORK_HEADER = YES;
				CLANG_WARN_RANGE_LOOP_ANALYSIS = YES;
				CLANG_WARN_STRICT_PROTOTYPES = YES;
				CLANG_WARN_SUSPICIOUS_MOVE = YES;
				CLANG_WARN_UNGUARDED_AVAILABILITY = YES_AGGRESSIVE;
				CLANG_WARN_UNREACHABLE_CODE = YES;
				CLANG_WARN__DUPLICATE_METHOD_MATCH = YES;
				COPY_PHASE_STRIP = NO;
				DEBUG_INFORMATION_FORMAT = dwarf;
				ENABLE_STRICT_OBJC_MSGSEND = YES;
				ENABLE_TESTABILITY = YES;
				GCC_C_LANGUAGE_STANDARD = gnu11;
				GCC_DYNAMIC_NO_PIC = NO;
				GCC_NO_COMMON_BLOCKS = YES;
				GCC_OPTIMIZATION_LEVEL = 0;
				GCC_PREPROCESSOR_DEFINITIONS = (
					"DEBUG=1",
					"$(inherited)",
				);
				GCC_WARN_64_TO_32_BIT_CONVERSION = YES;
				GCC_WARN_ABOUT_RETURN_TYPE = YES_ERROR;
				GCC_WARN_UNDECLARED_SELECTOR = YES;
				GCC_WARN_UNINITIALIZED_AUTOS = YES_AGGRESSIVE;
				GCC_WARN_UNUSED_FUNCTION = YES;
				GCC_WARN_UNUSED_VARIABLE = YES;
				IPHONEOS_DEPLOYMENT_TARGET = 16.4;
				MTL_ENABLE_DEBUG_INFO = INCLUDE_SOURCE;
				MTL_FAST_MATH = YES;
				ONLY_ACTIVE_ARCH = YES;
				SDKROOT = iphoneos;
				SWIFT_ACTIVE_COMPILATION_CONDITIONS = DEBUG;
				SWIFT_OPTIMIZATION_LEVEL = "-Onone";
			};
			name = Debug;
		};
		0CC4857129EF8FB8001AE142 /* Release */ = {
			isa = XCBuildConfiguration;
			buildSettings = {
				ALWAYS_SEARCH_USER_PATHS = NO;
				CLANG_ANALYZER_NONNULL = YES;
				CLANG_ANALYZER_NUMBER_OBJECT_CONVERSION = YES_AGGRESSIVE;
				CLANG_CXX_LANGUAGE_STANDARD = "gnu++20";
				CLANG_ENABLE_MODULES = YES;
				CLANG_ENABLE_OBJC_ARC = YES;
				CLANG_ENABLE_OBJC_WEAK = YES;
				CLANG_WARN_BLOCK_CAPTURE_AUTORELEASING = YES;
				CLANG_WARN_BOOL_CONVERSION = YES;
				CLANG_WARN_COMMA = YES;
				CLANG_WARN_CONSTANT_CONVERSION = YES;
				CLANG_WARN_DEPRECATED_OBJC_IMPLEMENTATIONS = YES;
				CLANG_WARN_DIRECT_OBJC_ISA_USAGE = YES_ERROR;
				CLANG_WARN_DOCUMENTATION_COMMENTS = YES;
				CLANG_WARN_EMPTY_BODY = YES;
				CLANG_WARN_ENUM_CONVERSION = YES;
				CLANG_WARN_INFINITE_RECURSION = YES;
				CLANG_WARN_INT_CONVERSION = YES;
				CLANG_WARN_NON_LITERAL_NULL_CONVERSION = YES;
				CLANG_WARN_OBJC_IMPLICIT_RETAIN_SELF = YES;
				CLANG_WARN_OBJC_LITERAL_CONVERSION = YES;
				CLANG_WARN_OBJC_ROOT_CLASS = YES_ERROR;
				CLANG_WARN_QUOTED_INCLUDE_IN_FRAMEWORK_HEADER = YES;
				CLANG_WARN_RANGE_LOOP_ANALYSIS = YES;
				CLANG_WARN_STRICT_PROTOTYPES = YES;
				CLANG_WARN_SUSPICIOUS_MOVE = YES;
				CLANG_WARN_UNGUARDED_AVAILABILITY = YES_AGGRESSIVE;
				CLANG_WARN_UNREACHABLE_CODE = YES;
				CLANG_WARN__DUPLICATE_METHOD_MATCH = YES;
				COPY_PHASE_STRIP = NO;
				DEBUG_INFORMATION_FORMAT = "dwarf-with-dsym";
				ENABLE_NS_ASSERTIONS = NO;
				ENABLE_STRICT_OBJC_MSGSEND = YES;
				GCC_C_LANGUAGE_STANDARD = gnu11;
				GCC_NO_COMMON_BLOCKS = YES;
				GCC_WARN_64_TO_32_BIT_CONVERSION = YES;
				GCC_WARN_ABOUT_RETURN_TYPE = YES_ERROR;
				GCC_WARN_UNDECLARED_SELECTOR = YES;
				GCC_WARN_UNINITIALIZED_AUTOS = YES_AGGRESSIVE;
				GCC_WARN_UNUSED_FUNCTION = YES;
				GCC_WARN_UNUSED_VARIABLE = YES;
				IPHONEOS_DEPLOYMENT_TARGET = 16.4;
				MTL_ENABLE_DEBUG_INFO = NO;
				MTL_FAST_MATH = YES;
				SDKROOT = iphoneos;
				SWIFT_COMPILATION_MODE = wholemodule;
				SWIFT_OPTIMIZATION_LEVEL = "-O";
				VALIDATE_PRODUCT = YES;
			};
			name = Release;
		};
		0CC4857329EF8FB8001AE142 /* Debug */ = {
			isa = XCBuildConfiguration;
			buildSettings = {
				ASSETCATALOG_COMPILER_APPICON_NAME = AppIcon;
				ASSETCATALOG_COMPILER_GLOBAL_ACCENT_COLOR_NAME = AccentColor;
				CODE_SIGN_STYLE = Automatic;
				CURRENT_PROJECT_VERSION = 1;
				GENERATE_INFOPLIST_FILE = YES;
				INFOPLIST_FILE = AppLocalization/Info.plist;
				INFOPLIST_KEY_UIApplicationSupportsIndirectInputEvents = YES;
				INFOPLIST_KEY_UILaunchStoryboardName = LaunchScreen;
				INFOPLIST_KEY_UIMainStoryboardFile = Main;
				INFOPLIST_KEY_UISupportedInterfaceOrientations_iPad = "UIInterfaceOrientationPortrait UIInterfaceOrientationPortraitUpsideDown UIInterfaceOrientationLandscapeLeft UIInterfaceOrientationLandscapeRight";
				INFOPLIST_KEY_UISupportedInterfaceOrientations_iPhone = "UIInterfaceOrientationPortrait UIInterfaceOrientationLandscapeLeft UIInterfaceOrientationLandscapeRight";
				LD_RUNPATH_SEARCH_PATHS = (
					"$(inherited)",
					"@executable_path/Frameworks",
				);
				MARKETING_VERSION = 1.0;
				PRODUCT_BUNDLE_IDENTIFIER = com.Ayush.AppLocalization;
				PRODUCT_NAME = "$(TARGET_NAME)";
				SWIFT_EMIT_LOC_STRINGS = YES;
				SWIFT_VERSION = 5.0;
				TARGETED_DEVICE_FAMILY = "1,2";
			};
			name = Debug;
		};
		0CC4857429EF8FB8001AE142 /* Release */ = {
			isa = XCBuildConfiguration;
			buildSettings = {
				ASSETCATALOG_COMPILER_APPICON_NAME = AppIcon;
				ASSETCATALOG_COMPILER_GLOBAL_ACCENT_COLOR_NAME = AccentColor;
				CODE_SIGN_STYLE = Automatic;
				CURRENT_PROJECT_VERSION = 1;
				GENERATE_INFOPLIST_FILE = YES;
				INFOPLIST_FILE = AppLocalization/Info.plist;
				INFOPLIST_KEY_UIApplicationSupportsIndirectInputEvents = YES;
				INFOPLIST_KEY_UILaunchStoryboardName = LaunchScreen;
				INFOPLIST_KEY_UIMainStoryboardFile = Main;
				INFOPLIST_KEY_UISupportedInterfaceOrientations_iPad = "UIInterfaceOrientationPortrait UIInterfaceOrientationPortraitUpsideDown UIInterfaceOrientationLandscapeLeft UIInterfaceOrientationLandscapeRight";
				INFOPLIST_KEY_UISupportedInterfaceOrientations_iPhone = "UIInterfaceOrientationPortrait UIInterfaceOrientationLandscapeLeft UIInterfaceOrientationLandscapeRight";
				LD_RUNPATH_SEARCH_PATHS = (
					"$(inherited)",
					"@executable_path/Frameworks",
				);
				MARKETING_VERSION = 1.0;
				PRODUCT_BUNDLE_IDENTIFIER = com.Ayush.AppLocalization;
				PRODUCT_NAME = "$(TARGET_NAME)";
				SWIFT_EMIT_LOC_STRINGS = YES;
				SWIFT_VERSION = 5.0;
				TARGETED_DEVICE_FAMILY = "1,2";
			};
			name = Release;
		};
		0CC4857629EF8FB8001AE142 /* Debug */ = {
			isa = XCBuildConfiguration;
			buildSettings = {
				ALWAYS_EMBED_SWIFT_STANDARD_LIBRARIES = YES;
				BUNDLE_LOADER = "$(TEST_HOST)";
				CODE_SIGN_STYLE = Automatic;
				CURRENT_PROJECT_VERSION = 1;
				GENERATE_INFOPLIST_FILE = YES;
				IPHONEOS_DEPLOYMENT_TARGET = 16.4;
				MARKETING_VERSION = 1.0;
				PRODUCT_BUNDLE_IDENTIFIER = com.Ayush.AppLocalizationTests;
				PRODUCT_NAME = "$(TARGET_NAME)";
				SWIFT_EMIT_LOC_STRINGS = NO;
				SWIFT_VERSION = 5.0;
				TARGETED_DEVICE_FAMILY = "1,2";
				TEST_HOST = "$(BUILT_PRODUCTS_DIR)/AppLocalization.app/$(BUNDLE_EXECUTABLE_FOLDER_PATH)/AppLocalization";
			};
			name = Debug;
		};
		0CC4857729EF8FB8001AE142 /* Release */ = {
			isa = XCBuildConfiguration;
			buildSettings = {
				ALWAYS_EMBED_SWIFT_STANDARD_LIBRARIES = YES;
				BUNDLE_LOADER = "$(TEST_HOST)";
				CODE_SIGN_STYLE = Automatic;
				CURRENT_PROJECT_VERSION = 1;
				GENERATE_INFOPLIST_FILE = YES;
				IPHONEOS_DEPLOYMENT_TARGET = 16.4;
				MARKETING_VERSION = 1.0;
				PRODUCT_BUNDLE_IDENTIFIER = com.Ayush.AppLocalizationTests;
				PRODUCT_NAME = "$(TARGET_NAME)";
				SWIFT_EMIT_LOC_STRINGS = NO;
				SWIFT_VERSION = 5.0;
				TARGETED_DEVICE_FAMILY = "1,2";
				TEST_HOST = "$(BUILT_PRODUCTS_DIR)/AppLocalization.app/$(BUNDLE_EXECUTABLE_FOLDER_PATH)/AppLocalization";
			};
			name = Release;
		};
		0CC4857929EF8FB8001AE142 /* Debug */ = {
			isa = XCBuildConfiguration;
			buildSettings = {
				ALWAYS_EMBED_SWIFT_STANDARD_LIBRARIES = YES;
				CODE_SIGN_STYLE = Automatic;
				CURRENT_PROJECT_VERSION = 1;
				GENERATE_INFOPLIST_FILE = YES;
				MARKETING_VERSION = 1.0;
				PRODUCT_BUNDLE_IDENTIFIER = com.Ayush.AppLocalizationUITests;
				PRODUCT_NAME = "$(TARGET_NAME)";
				SWIFT_EMIT_LOC_STRINGS = NO;
				SWIFT_VERSION = 5.0;
				TARGETED_DEVICE_FAMILY = "1,2";
				TEST_TARGET_NAME = AppLocalization;
			};
			name = Debug;
		};
		0CC4857A29EF8FB8001AE142 /* Release */ = {
			isa = XCBuildConfiguration;
			buildSettings = {
				ALWAYS_EMBED_SWIFT_STANDARD_LIBRARIES = YES;
				CODE_SIGN_STYLE = Automatic;
				CURRENT_PROJECT_VERSION = 1;
				GENERATE_INFOPLIST_FILE = YES;
				MARKETING_VERSION = 1.0;
				PRODUCT_BUNDLE_IDENTIFIER = com.Ayush.AppLocalizationUITests;
				PRODUCT_NAME = "$(TARGET_NAME)";
				SWIFT_EMIT_LOC_STRINGS = NO;
				SWIFT_VERSION = 5.0;
				TARGETED_DEVICE_FAMILY = "1,2";
				TEST_TARGET_NAME = AppLocalization;
			};
			name = Release;
		};
/* End XCBuildConfiguration section */

/* Begin XCConfigurationList section */
		0CC4854329EF8FB6001AE142 /* Build configuration list for PBXProject "AppLocalization" */ = {
			isa = XCConfigurationList;
			buildConfigurations = (
				0CC4857029EF8FB8001AE142 /* Debug */,
				0CC4857129EF8FB8001AE142 /* Release */,
			);
			defaultConfigurationIsVisible = 0;
			defaultConfigurationName = Release;
		};
		0CC4857229EF8FB8001AE142 /* Build configuration list for PBXNativeTarget "AppLocalization" */ = {
			isa = XCConfigurationList;
			buildConfigurations = (
				0CC4857329EF8FB8001AE142 /* Debug */,
				0CC4857429EF8FB8001AE142 /* Release */,
			);
			defaultConfigurationIsVisible = 0;
			defaultConfigurationName = Release;
		};
		0CC4857529EF8FB8001AE142 /* Build configuration list for PBXNativeTarget "AppLocalizationTests" */ = {
			isa = XCConfigurationList;
			buildConfigurations = (
				0CC4857629EF8FB8001AE142 /* Debug */,
				0CC4857729EF8FB8001AE142 /* Release */,
			);
			defaultConfigurationIsVisible = 0;
			defaultConfigurationName = Release;
		};
		0CC4857829EF8FB8001AE142 /* Build configuration list for PBXNativeTarget "AppLocalizationUITests" */ = {
			isa = XCConfigurationList;
			buildConfigurations = (
				0CC4857929EF8FB8001AE142 /* Debug */,
				0CC4857A29EF8FB8001AE142 /* Release */,
			);
			defaultConfigurationIsVisible = 0;
			defaultConfigurationName = Release;
		};
/* End XCConfigurationList section */
	};
	rootObject = 0CC4854029EF8FB6001AE142 /* Project object */;
}
